
Microsoft Visual Studio Solution File, Format Version 12.00
# Visual Studio Version 16
VisualStudioVersion = 16.0.31702.278
MinimumVisualStudioVersion = 10.0.40219.1
Project("{FAE04EC0-301F-11D3-BF4B-00C04F79EFBC}") = "Baze de Numerație", "Baze de Numerație\Baze de Numerație.csproj", "{FDC488B5-0674-46F6-ABF8-862748D00D17}"
EndProject
Global
	GlobalSection(SolutionConfigurationPlatforms) = preSolution
		Debug|Any CPU = Debug|Any CPU
		Release|Any CPU = Release|Any CPU
	EndGlobalSection
	GlobalSection(ProjectConfigurationPlatforms) = postSolution
		{FDC488B5-0674-46F6-ABF8-862748D00D17}.Debug|Any CPU.ActiveCfg = Debug|Any CPU
		{FDC488B5-0674-46F6-ABF8-862748D00D17}.Debug|Any CPU.Build.0 = Debug|Any CPU
		{FDC488B5-0674-46F6-ABF8-862748D00D17}.Release|Any CPU.ActiveCfg = Release|Any CPU
		{FDC488B5-0674-46F6-ABF8-862748D00D17}.Release|Any CPU.Build.0 = Release|Any CPU
	EndGlobalSection
	GlobalSection(SolutionProperties) = preSolution
		HideSolutionNode = FALSE
	EndGlobalSection
	GlobalSection(ExtensibilityGlobals) = postSolution
		SolutionGuid = {6F74578E-953A-4985-AC12-D2296336DFD3}
	EndGlobalSection
EndGlobal
