
Microsoft Visual Studio Solution File, Format Version 12.00
# Visual Studio Version 17
VisualStudioVersion = 17.4.33110.190
MinimumVisualStudioVersion = 10.0.40219.1
Project("{FAE04EC0-301F-11D3-BF4B-00C04F79EFBC}") = "ExPractic1", "ExPractic1\ExPractic1.csproj", "{74C29E60-AABE-4C30-963D-19A9BC5BD632}"
EndProject
Global
	GlobalSection(SolutionConfigurationPlatforms) = preSolution
		Debug|Any CPU = Debug|Any CPU
		Release|Any CPU = Release|Any CPU
	EndGlobalSection
	GlobalSection(ProjectConfigurationPlatforms) = postSolution
		{74C29E60-AABE-4C30-963D-19A9BC5BD632}.Debug|Any CPU.ActiveCfg = Debug|Any CPU
		{74C29E60-AABE-4C30-963D-19A9BC5BD632}.Debug|Any CPU.Build.0 = Debug|Any CPU
		{74C29E60-AABE-4C30-963D-19A9BC5BD632}.Release|Any CPU.ActiveCfg = Release|Any CPU
		{74C29E60-AABE-4C30-963D-19A9BC5BD632}.Release|Any CPU.Build.0 = Release|Any CPU
	EndGlobalSection
	GlobalSection(SolutionProperties) = preSolution
		HideSolutionNode = FALSE
	EndGlobalSection
	GlobalSection(ExtensibilityGlobals) = postSolution
		SolutionGuid = {169B7516-F64F-4E60-B4D6-35B16802FB61}
	EndGlobalSection
EndGlobal
